
Microsoft Visual Studio Solution File, Format Version 12.00
# Visual Studio Version 17
VisualStudioVersion = 17.5.2.0
MinimumVisualStudioVersion = 10.0.40219.1
Project("{FAE04EC0-301F-11D3-BF4B-00C04F79EFBC}") = "DotNetDependencies", "DotNetDependencies\DotNetDependencies.csproj", "{C8C08B89-7D34-0DB5-30A7-E737DC8547B0}"
EndProject
Project("{FAE04EC0-301F-11D3-BF4B-00C04F79EFBC}") = "mslearn-dotnet-files", "mslearn-dotnet-files\mslearn-dotnet-files.csproj", "{3A86D53B-9381-2392-FFE0-236DFDCE6845}"
EndProject
Project("{FAE04EC0-301F-11D3-BF4B-00C04F79EFBC}") = "DotNetDebugging", "DotNetDebugging\DotNetDebugging.csproj", "{15639668-ED97-16EC-7E64-11BD4A4C59D7}"
EndProject
Project("{FAE04EC0-301F-11D3-BF4B-00C04F79EFBC}") = "NicksPizza", "NicksPizza\NicksPizza.csproj", "{3D3E28FA-6331-471A-A99D-683D1B1838F3}"
EndProject
Project("{FAE04EC0-301F-11D3-BF4B-00C04F79EFBC}") = "Phoneword", "Phoneword\Phoneword.csproj", "{F8A1FACF-A750-4BC7-BA38-7C06E0B4BDE3}"
EndProject
Project("{2150E333-8FDC-42A3-9474-1A3956D46DE8}") = "Solution Items", "Solution Items", "{78293A61-020B-420C-ABB9-44D500FB25DD}"
	ProjectSection(SolutionItems) = preProject
		.editorconfig = .editorconfig
	EndProjectSection
EndProject
Project("{FAE04EC0-301F-11D3-BF4B-00C04F79EFBC}") = "BlazorSignalRApp", "BlazorSignalRApp\BlazorSignalRApp\BlazorSignalRApp.csproj", "{FA68A967-EBEC-BCAC-0603-C351AB45AA9A}"
EndProject
Project("{FAE04EC0-301F-11D3-BF4B-00C04F79EFBC}") = "BlazorSignalRApp.Client", "BlazorSignalRApp\BlazorSignalRApp.Client\BlazorSignalRApp.Client.csproj", "{F1C379B6-6CCE-C753-6EFA-138E2ED12EA6}"
EndProject
Project("{FAE04EC0-301F-11D3-BF4B-00C04F79EFBC}") = "ServerManagement", "ServerManagement\ServerManagement.csproj", "{02908D55-C9E5-88B4-EC15-DE3CA0EE7A50}"
EndProject
Project("{FAE04EC0-301F-11D3-BF4B-00C04F79EFBC}") = "SignalRMVC", "SignalR-MVC-\SignalRMVC.csproj", "{7036A200-864E-EA4B-019F-99B303FE797A}"
EndProject
Global
	GlobalSection(SolutionConfigurationPlatforms) = preSolution
		Debug|Any CPU = Debug|Any CPU
		Debug|x64 = Debug|x64
		Debug|x86 = Debug|x86
		Release|Any CPU = Release|Any CPU
		Release|x64 = Release|x64
		Release|x86 = Release|x86
	EndGlobalSection
	GlobalSection(ProjectConfigurationPlatforms) = postSolution
		{C8C08B89-7D34-0DB5-30A7-E737DC8547B0}.Debug|Any CPU.ActiveCfg = Debug|Any CPU
		{C8C08B89-7D34-0DB5-30A7-E737DC8547B0}.Debug|Any CPU.Build.0 = Debug|Any CPU
		{C8C08B89-7D34-0DB5-30A7-E737DC8547B0}.Debug|x64.ActiveCfg = Debug|Any CPU
		{C8C08B89-7D34-0DB5-30A7-E737DC8547B0}.Debug|x64.Build.0 = Debug|Any CPU
		{C8C08B89-7D34-0DB5-30A7-E737DC8547B0}.Debug|x86.ActiveCfg = Debug|Any CPU
		{C8C08B89-7D34-0DB5-30A7-E737DC8547B0}.Debug|x86.Build.0 = Debug|Any CPU
		{C8C08B89-7D34-0DB5-30A7-E737DC8547B0}.Release|Any CPU.ActiveCfg = Release|Any CPU
		{C8C08B89-7D34-0DB5-30A7-E737DC8547B0}.Release|Any CPU.Build.0 = Release|Any CPU
		{C8C08B89-7D34-0DB5-30A7-E737DC8547B0}.Release|x64.ActiveCfg = Release|Any CPU
		{C8C08B89-7D34-0DB5-30A7-E737DC8547B0}.Release|x64.Build.0 = Release|Any CPU
		{C8C08B89-7D34-0DB5-30A7-E737DC8547B0}.Release|x86.ActiveCfg = Release|Any CPU
		{C8C08B89-7D34-0DB5-30A7-E737DC8547B0}.Release|x86.Build.0 = Release|Any CPU
		{3A86D53B-9381-2392-FFE0-236DFDCE6845}.Debug|Any CPU.ActiveCfg = Debug|Any CPU
		{3A86D53B-9381-2392-FFE0-236DFDCE6845}.Debug|Any CPU.Build.0 = Debug|Any CPU
		{3A86D53B-9381-2392-FFE0-236DFDCE6845}.Debug|x64.ActiveCfg = Debug|Any CPU
		{3A86D53B-9381-2392-FFE0-236DFDCE6845}.Debug|x64.Build.0 = Debug|Any CPU
		{3A86D53B-9381-2392-FFE0-236DFDCE6845}.Debug|x86.ActiveCfg = Debug|Any CPU
		{3A86D53B-9381-2392-FFE0-236DFDCE6845}.Debug|x86.Build.0 = Debug|Any CPU
		{3A86D53B-9381-2392-FFE0-236DFDCE6845}.Release|Any CPU.ActiveCfg = Release|Any CPU
		{3A86D53B-9381-2392-FFE0-236DFDCE6845}.Release|Any CPU.Build.0 = Release|Any CPU
		{3A86D53B-9381-2392-FFE0-236DFDCE6845}.Release|x64.ActiveCfg = Release|Any CPU
		{3A86D53B-9381-2392-FFE0-236DFDCE6845}.Release|x64.Build.0 = Release|Any CPU
		{3A86D53B-9381-2392-FFE0-236DFDCE6845}.Release|x86.ActiveCfg = Release|Any CPU
		{3A86D53B-9381-2392-FFE0-236DFDCE6845}.Release|x86.Build.0 = Release|Any CPU
		{15639668-ED97-16EC-7E64-11BD4A4C59D7}.Debug|Any CPU.ActiveCfg = Debug|Any CPU
		{15639668-ED97-16EC-7E64-11BD4A4C59D7}.Debug|Any CPU.Build.0 = Debug|Any CPU
		{15639668-ED97-16EC-7E64-11BD4A4C59D7}.Debug|x64.ActiveCfg = Debug|Any CPU
		{15639668-ED97-16EC-7E64-11BD4A4C59D7}.Debug|x64.Build.0 = Debug|Any CPU
		{15639668-ED97-16EC-7E64-11BD4A4C59D7}.Debug|x86.ActiveCfg = Debug|Any CPU
		{15639668-ED97-16EC-7E64-11BD4A4C59D7}.Debug|x86.Build.0 = Debug|Any CPU
		{15639668-ED97-16EC-7E64-11BD4A4C59D7}.Release|Any CPU.ActiveCfg = Release|Any CPU
		{15639668-ED97-16EC-7E64-11BD4A4C59D7}.Release|Any CPU.Build.0 = Release|Any CPU
		{15639668-ED97-16EC-7E64-11BD4A4C59D7}.Release|x64.ActiveCfg = Release|Any CPU
		{15639668-ED97-16EC-7E64-11BD4A4C59D7}.Release|x64.Build.0 = Release|Any CPU
		{15639668-ED97-16EC-7E64-11BD4A4C59D7}.Release|x86.ActiveCfg = Release|Any CPU
		{15639668-ED97-16EC-7E64-11BD4A4C59D7}.Release|x86.Build.0 = Release|Any CPU
		{3D3E28FA-6331-471A-A99D-683D1B1838F3}.Debug|Any CPU.ActiveCfg = Debug|Any CPU
		{3D3E28FA-6331-471A-A99D-683D1B1838F3}.Debug|Any CPU.Build.0 = Debug|Any CPU
		{3D3E28FA-6331-471A-A99D-683D1B1838F3}.Debug|x64.ActiveCfg = Debug|Any CPU
		{3D3E28FA-6331-471A-A99D-683D1B1838F3}.Debug|x64.Build.0 = Debug|Any CPU
		{3D3E28FA-6331-471A-A99D-683D1B1838F3}.Debug|x86.ActiveCfg = Debug|Any CPU
		{3D3E28FA-6331-471A-A99D-683D1B1838F3}.Debug|x86.Build.0 = Debug|Any CPU
		{3D3E28FA-6331-471A-A99D-683D1B1838F3}.Release|Any CPU.ActiveCfg = Release|Any CPU
		{3D3E28FA-6331-471A-A99D-683D1B1838F3}.Release|Any CPU.Build.0 = Release|Any CPU
		{3D3E28FA-6331-471A-A99D-683D1B1838F3}.Release|x64.ActiveCfg = Release|Any CPU
		{3D3E28FA-6331-471A-A99D-683D1B1838F3}.Release|x64.Build.0 = Release|Any CPU
		{3D3E28FA-6331-471A-A99D-683D1B1838F3}.Release|x86.ActiveCfg = Release|Any CPU
		{3D3E28FA-6331-471A-A99D-683D1B1838F3}.Release|x86.Build.0 = Release|Any CPU
		{F8A1FACF-A750-4BC7-BA38-7C06E0B4BDE3}.Debug|Any CPU.ActiveCfg = Debug|Any CPU
		{F8A1FACF-A750-4BC7-BA38-7C06E0B4BDE3}.Debug|Any CPU.Build.0 = Debug|Any CPU
		{F8A1FACF-A750-4BC7-BA38-7C06E0B4BDE3}.Debug|Any CPU.Deploy.0 = Debug|Any CPU
		{F8A1FACF-A750-4BC7-BA38-7C06E0B4BDE3}.Debug|x64.ActiveCfg = Debug|Any CPU
		{F8A1FACF-A750-4BC7-BA38-7C06E0B4BDE3}.Debug|x64.Build.0 = Debug|Any CPU
		{F8A1FACF-A750-4BC7-BA38-7C06E0B4BDE3}.Debug|x86.ActiveCfg = Debug|Any CPU
		{F8A1FACF-A750-4BC7-BA38-7C06E0B4BDE3}.Debug|x86.Build.0 = Debug|Any CPU
		{F8A1FACF-A750-4BC7-BA38-7C06E0B4BDE3}.Release|Any CPU.ActiveCfg = Release|Any CPU
		{F8A1FACF-A750-4BC7-BA38-7C06E0B4BDE3}.Release|Any CPU.Build.0 = Release|Any CPU
		{F8A1FACF-A750-4BC7-BA38-7C06E0B4BDE3}.Release|x64.ActiveCfg = Release|Any CPU
		{F8A1FACF-A750-4BC7-BA38-7C06E0B4BDE3}.Release|x64.Build.0 = Release|Any CPU
		{F8A1FACF-A750-4BC7-BA38-7C06E0B4BDE3}.Release|x86.ActiveCfg = Release|Any CPU
		{F8A1FACF-A750-4BC7-BA38-7C06E0B4BDE3}.Release|x86.Build.0 = Release|Any CPU
		{FA68A967-EBEC-BCAC-0603-C351AB45AA9A}.Debug|Any CPU.ActiveCfg = Debug|Any CPU
		{FA68A967-EBEC-BCAC-0603-C351AB45AA9A}.Debug|Any CPU.Build.0 = Debug|Any CPU
		{FA68A967-EBEC-BCAC-0603-C351AB45AA9A}.Debug|x64.ActiveCfg = Debug|Any CPU
		{FA68A967-EBEC-BCAC-0603-C351AB45AA9A}.Debug|x64.Build.0 = Debug|Any CPU
		{FA68A967-EBEC-BCAC-0603-C351AB45AA9A}.Debug|x86.ActiveCfg = Debug|Any CPU
		{FA68A967-EBEC-BCAC-0603-C351AB45AA9A}.Debug|x86.Build.0 = Debug|Any CPU
		{FA68A967-EBEC-BCAC-0603-C351AB45AA9A}.Release|Any CPU.ActiveCfg = Release|Any CPU
		{FA68A967-EBEC-BCAC-0603-C351AB45AA9A}.Release|Any CPU.Build.0 = Release|Any CPU
		{FA68A967-EBEC-BCAC-0603-C351AB45AA9A}.Release|x64.ActiveCfg = Release|Any CPU
		{FA68A967-EBEC-BCAC-0603-C351AB45AA9A}.Release|x64.Build.0 = Release|Any CPU
		{FA68A967-EBEC-BCAC-0603-C351AB45AA9A}.Release|x86.ActiveCfg = Release|Any CPU
		{FA68A967-EBEC-BCAC-0603-C351AB45AA9A}.Release|x86.Build.0 = Release|Any CPU
		{F1C379B6-6CCE-C753-6EFA-138E2ED12EA6}.Debug|Any CPU.ActiveCfg = Debug|Any CPU
		{F1C379B6-6CCE-C753-6EFA-138E2ED12EA6}.Debug|Any CPU.Build.0 = Debug|Any CPU
		{F1C379B6-6CCE-C753-6EFA-138E2ED12EA6}.Debug|x64.ActiveCfg = Debug|Any CPU
		{F1C379B6-6CCE-C753-6EFA-138E2ED12EA6}.Debug|x64.Build.0 = Debug|Any CPU
		{F1C379B6-6CCE-C753-6EFA-138E2ED12EA6}.Debug|x86.ActiveCfg = Debug|Any CPU
		{F1C379B6-6CCE-C753-6EFA-138E2ED12EA6}.Debug|x86.Build.0 = Debug|Any CPU
		{F1C379B6-6CCE-C753-6EFA-138E2ED12EA6}.Release|Any CPU.ActiveCfg = Release|Any CPU
		{F1C379B6-6CCE-C753-6EFA-138E2ED12EA6}.Release|Any CPU.Build.0 = Release|Any CPU
		{F1C379B6-6CCE-C753-6EFA-138E2ED12EA6}.Release|x64.ActiveCfg = Release|Any CPU
		{F1C379B6-6CCE-C753-6EFA-138E2ED12EA6}.Release|x64.Build.0 = Release|Any CPU
		{F1C379B6-6CCE-C753-6EFA-138E2ED12EA6}.Release|x86.ActiveCfg = Release|Any CPU
		{F1C379B6-6CCE-C753-6EFA-138E2ED12EA6}.Release|x86.Build.0 = Release|Any CPU
		{02908D55-C9E5-88B4-EC15-DE3CA0EE7A50}.Debug|Any CPU.ActiveCfg = Debug|Any CPU
		{02908D55-C9E5-88B4-EC15-DE3CA0EE7A50}.Debug|Any CPU.Build.0 = Debug|Any CPU
		{02908D55-C9E5-88B4-EC15-DE3CA0EE7A50}.Debug|x64.ActiveCfg = Debug|Any CPU
		{02908D55-C9E5-88B4-EC15-DE3CA0EE7A50}.Debug|x64.Build.0 = Debug|Any CPU
		{02908D55-C9E5-88B4-EC15-DE3CA0EE7A50}.Debug|x86.ActiveCfg = Debug|Any CPU
		{02908D55-C9E5-88B4-EC15-DE3CA0EE7A50}.Debug|x86.Build.0 = Debug|Any CPU
		{02908D55-C9E5-88B4-EC15-DE3CA0EE7A50}.Release|Any CPU.ActiveCfg = Release|Any CPU
		{02908D55-C9E5-88B4-EC15-DE3CA0EE7A50}.Release|Any CPU.Build.0 = Release|Any CPU
		{02908D55-C9E5-88B4-EC15-DE3CA0EE7A50}.Release|x64.ActiveCfg = Release|Any CPU
		{02908D55-C9E5-88B4-EC15-DE3CA0EE7A50}.Release|x64.Build.0 = Release|Any CPU
		{02908D55-C9E5-88B4-EC15-DE3CA0EE7A50}.Release|x86.ActiveCfg = Release|Any CPU
		{02908D55-C9E5-88B4-EC15-DE3CA0EE7A50}.Release|x86.Build.0 = Release|Any CPU
		{7036A200-864E-EA4B-019F-99B303FE797A}.Debug|Any CPU.ActiveCfg = Debug|Any CPU
		{7036A200-864E-EA4B-019F-99B303FE797A}.Debug|Any CPU.Build.0 = Debug|Any CPU
		{7036A200-864E-EA4B-019F-99B303FE797A}.Debug|x64.ActiveCfg = Debug|Any CPU
		{7036A200-864E-EA4B-019F-99B303FE797A}.Debug|x64.Build.0 = Debug|Any CPU
		{7036A200-864E-EA4B-019F-99B303FE797A}.Debug|x86.ActiveCfg = Debug|Any CPU
		{7036A200-864E-EA4B-019F-99B303FE797A}.Debug|x86.Build.0 = Debug|Any CPU
		{7036A200-864E-EA4B-019F-99B303FE797A}.Release|Any CPU.ActiveCfg = Release|Any CPU
		{7036A200-864E-EA4B-019F-99B303FE797A}.Release|Any CPU.Build.0 = Release|Any CPU
		{7036A200-864E-EA4B-019F-99B303FE797A}.Release|x64.ActiveCfg = Release|Any CPU
		{7036A200-864E-EA4B-019F-99B303FE797A}.Release|x64.Build.0 = Release|Any CPU
		{7036A200-864E-EA4B-019F-99B303FE797A}.Release|x86.ActiveCfg = Release|Any CPU
		{7036A200-864E-EA4B-019F-99B303FE797A}.Release|x86.Build.0 = Release|Any CPU
	EndGlobalSection
	GlobalSection(SolutionProperties) = preSolution
		HideSolutionNode = FALSE
	EndGlobalSection
	GlobalSection(ExtensibilityGlobals) = postSolution
		SolutionGuid = {E9816D68-2D08-4D7F-85BD-94B78144CC2E}
	EndGlobalSection
EndGlobal
